
Microsoft Visual Studio Solution File, Format Version 12.00
# Visual Studio Version 17
VisualStudioVersion = 17.8.34330.188
MinimumVisualStudioVersion = 10.0.40219.1
Project("{FAE04EC0-301F-11D3-BF4B-00C04F79EFBC}") = "Business", "Business\Business.csproj", "{B825ADB5-DF3C-41B9-84E4-F38C13C51724}"
EndProject
Project("{FAE04EC0-301F-11D3-BF4B-00C04F79EFBC}") = "Data", "Data\Data.csproj", "{E9C98AB0-69EE-47D2-9236-9A1FE176B181}"
EndProject
Project("{FAE04EC0-301F-11D3-BF4B-00C04F79EFBC}") = "Presentation", "Presentation\Presentation.csproj", "{BEE494B0-67CF-4F13-8A09-DA6D4171C5C1}"
EndProject
Global
	GlobalSection(SolutionConfigurationPlatforms) = preSolution
		Debug|Any CPU = Debug|Any CPU
		Release|Any CPU = Release|Any CPU
	EndGlobalSection
	GlobalSection(ProjectConfigurationPlatforms) = postSolution
		{B825ADB5-DF3C-41B9-84E4-F38C13C51724}.Debug|Any CPU.ActiveCfg = Debug|Any CPU
		{B825ADB5-DF3C-41B9-84E4-F38C13C51724}.Debug|Any CPU.Build.0 = Debug|Any CPU
		{B825ADB5-DF3C-41B9-84E4-F38C13C51724}.Release|Any CPU.ActiveCfg = Release|Any CPU
		{B825ADB5-DF3C-41B9-84E4-F38C13C51724}.Release|Any CPU.Build.0 = Release|Any CPU
		{E9C98AB0-69EE-47D2-9236-9A1FE176B181}.Debug|Any CPU.ActiveCfg = Debug|Any CPU
		{E9C98AB0-69EE-47D2-9236-9A1FE176B181}.Debug|Any CPU.Build.0 = Debug|Any CPU
		{E9C98AB0-69EE-47D2-9236-9A1FE176B181}.Release|Any CPU.ActiveCfg = Release|Any CPU
		{E9C98AB0-69EE-47D2-9236-9A1FE176B181}.Release|Any CPU.Build.0 = Release|Any CPU
		{BEE494B0-67CF-4F13-8A09-DA6D4171C5C1}.Debug|Any CPU.ActiveCfg = Debug|Any CPU
		{BEE494B0-67CF-4F13-8A09-DA6D4171C5C1}.Debug|Any CPU.Build.0 = Debug|Any CPU
		{BEE494B0-67CF-4F13-8A09-DA6D4171C5C1}.Release|Any CPU.ActiveCfg = Release|Any CPU
		{BEE494B0-67CF-4F13-8A09-DA6D4171C5C1}.Release|Any CPU.Build.0 = Release|Any CPU
	EndGlobalSection
	GlobalSection(SolutionProperties) = preSolution
		HideSolutionNode = FALSE
	EndGlobalSection
	GlobalSection(ExtensibilityGlobals) = postSolution
		SolutionGuid = {FE83F66B-7A7A-470E-A2C3-4A9F9A7181DA}
	EndGlobalSection
EndGlobal
